
Microsoft Visual Studio Solution File, Format Version 12.00
# Visual Studio Version 17
VisualStudioVersion = 17.6.33712.159
MinimumVisualStudioVersion = 10.0.40219.1
Project("{2150E333-8FDC-42A3-9474-1A3956D46DE8}") = "Services", "Services", "{27DBBEF4-D4EC-4D98-8F90-7D35F3D484C2}"
EndProject
Project("{9A19103F-16F7-4668-BE54-9A1E7A4F7556}") = "CouponAPI", "Services\CouponAPI\CouponAPI.csproj", "{F102AFEB-7E42-4544-BD43-9733E20ECF6E}"
EndProject
Project("{2150E333-8FDC-42A3-9474-1A3956D46DE8}") = "FrontEnd", "FrontEnd", "{F71215E6-D51E-4BB0-96EA-C584B63A4E4F}"
EndProject
Project("{9A19103F-16F7-4668-BE54-9A1E7A4F7556}") = "Web", "FrontEnd\Web\Web.csproj", "{E9B346A0-8CA1-4520-A88F-F032282DC05B}"
EndProject
Project("{9A19103F-16F7-4668-BE54-9A1E7A4F7556}") = "AuthAPI", "Services\AuthAPI\AuthAPI.csproj", "{2A584F8A-8CAC-410C-92E4-BA809D4DE22A}"
EndProject
Project("{FAE04EC0-301F-11D3-BF4B-00C04F79EFBC}") = "ProductAPI", "ProductAPI\ProductAPI.csproj", "{3EC639B6-730F-42A1-944C-0599B6C7B2FF}"
EndProject
Global
	GlobalSection(SolutionConfigurationPlatforms) = preSolution
		Debug|Any CPU = Debug|Any CPU
		Release|Any CPU = Release|Any CPU
	EndGlobalSection
	GlobalSection(ProjectConfigurationPlatforms) = postSolution
		{F102AFEB-7E42-4544-BD43-9733E20ECF6E}.Debug|Any CPU.ActiveCfg = Debug|Any CPU
		{F102AFEB-7E42-4544-BD43-9733E20ECF6E}.Debug|Any CPU.Build.0 = Debug|Any CPU
		{F102AFEB-7E42-4544-BD43-9733E20ECF6E}.Release|Any CPU.ActiveCfg = Release|Any CPU
		{F102AFEB-7E42-4544-BD43-9733E20ECF6E}.Release|Any CPU.Build.0 = Release|Any CPU
		{E9B346A0-8CA1-4520-A88F-F032282DC05B}.Debug|Any CPU.ActiveCfg = Debug|Any CPU
		{E9B346A0-8CA1-4520-A88F-F032282DC05B}.Debug|Any CPU.Build.0 = Debug|Any CPU
		{E9B346A0-8CA1-4520-A88F-F032282DC05B}.Release|Any CPU.ActiveCfg = Release|Any CPU
		{E9B346A0-8CA1-4520-A88F-F032282DC05B}.Release|Any CPU.Build.0 = Release|Any CPU
		{2A584F8A-8CAC-410C-92E4-BA809D4DE22A}.Debug|Any CPU.ActiveCfg = Debug|Any CPU
		{2A584F8A-8CAC-410C-92E4-BA809D4DE22A}.Debug|Any CPU.Build.0 = Debug|Any CPU
		{2A584F8A-8CAC-410C-92E4-BA809D4DE22A}.Release|Any CPU.ActiveCfg = Release|Any CPU
		{2A584F8A-8CAC-410C-92E4-BA809D4DE22A}.Release|Any CPU.Build.0 = Release|Any CPU
		{3EC639B6-730F-42A1-944C-0599B6C7B2FF}.Debug|Any CPU.ActiveCfg = Debug|Any CPU
		{3EC639B6-730F-42A1-944C-0599B6C7B2FF}.Debug|Any CPU.Build.0 = Debug|Any CPU
		{3EC639B6-730F-42A1-944C-0599B6C7B2FF}.Release|Any CPU.ActiveCfg = Release|Any CPU
		{3EC639B6-730F-42A1-944C-0599B6C7B2FF}.Release|Any CPU.Build.0 = Release|Any CPU
	EndGlobalSection
	GlobalSection(SolutionProperties) = preSolution
		HideSolutionNode = FALSE
	EndGlobalSection
	GlobalSection(NestedProjects) = preSolution
		{F102AFEB-7E42-4544-BD43-9733E20ECF6E} = {27DBBEF4-D4EC-4D98-8F90-7D35F3D484C2}
		{E9B346A0-8CA1-4520-A88F-F032282DC05B} = {F71215E6-D51E-4BB0-96EA-C584B63A4E4F}
		{2A584F8A-8CAC-410C-92E4-BA809D4DE22A} = {27DBBEF4-D4EC-4D98-8F90-7D35F3D484C2}
		{3EC639B6-730F-42A1-944C-0599B6C7B2FF} = {27DBBEF4-D4EC-4D98-8F90-7D35F3D484C2}
	EndGlobalSection
	GlobalSection(ExtensibilityGlobals) = postSolution
		SolutionGuid = {C1AF923A-7942-4F09-9B7F-CCD415A2361A}
	EndGlobalSection
EndGlobal
